
Microsoft Visual Studio Solution File, Format Version 12.00
# Visual Studio Version 17
VisualStudioVersion = 17.10.34607.79
MinimumVisualStudioVersion = 10.0.40219.1
Project("{2150E333-8FDC-42A3-9474-1A3956D46DE8}") = "Solution Items", "Solution Items", "{6A3CC524-C059-42FB-AF63-BD3190249446}"
	ProjectSection(SolutionItems) = preProject
		README.md = README.md
	EndProjectSection
EndProject
Project("{2150E333-8FDC-42A3-9474-1A3956D46DE8}") = "lib", "lib", "{EDA91F8A-EE3D-4A44-968B-1F68E14A7650}"
EndProject
Project("{9A19103F-16F7-4668-BE54-9A1E7A4F7556}") = "RTU-TC.AspNetCore.UptimeKumaPushHealthCheck", "lib\RTU-TC.AspNetCore.UptimeKumaPushHealthCheck\RTU-TC.AspNetCore.UptimeKumaPushHealthCheck.csproj", "{B0C4F92D-1855-40DA-9FB3-345FC37E3F1C}"
EndProject
Project("{2150E333-8FDC-42A3-9474-1A3956D46DE8}") = "test", "test", "{8C60EF0B-1355-441A-B29E-061DDBAA2E39}"
EndProject
Project("{FAE04EC0-301F-11D3-BF4B-00C04F79EFBC}") = "TestApi", "test\TestApi\TestApi.csproj", "{78F168EA-9851-4204-9738-9258BC9E86A7}"
EndProject
Global
	GlobalSection(SolutionConfigurationPlatforms) = preSolution
		Debug|Any CPU = Debug|Any CPU
		Release|Any CPU = Release|Any CPU
	EndGlobalSection
	GlobalSection(ProjectConfigurationPlatforms) = postSolution
		{B0C4F92D-1855-40DA-9FB3-345FC37E3F1C}.Debug|Any CPU.ActiveCfg = Debug|Any CPU
		{B0C4F92D-1855-40DA-9FB3-345FC37E3F1C}.Debug|Any CPU.Build.0 = Debug|Any CPU
		{B0C4F92D-1855-40DA-9FB3-345FC37E3F1C}.Release|Any CPU.ActiveCfg = Release|Any CPU
		{B0C4F92D-1855-40DA-9FB3-345FC37E3F1C}.Release|Any CPU.Build.0 = Release|Any CPU
		{78F168EA-9851-4204-9738-9258BC9E86A7}.Debug|Any CPU.ActiveCfg = Debug|Any CPU
		{78F168EA-9851-4204-9738-9258BC9E86A7}.Debug|Any CPU.Build.0 = Debug|Any CPU
		{78F168EA-9851-4204-9738-9258BC9E86A7}.Release|Any CPU.ActiveCfg = Release|Any CPU
		{78F168EA-9851-4204-9738-9258BC9E86A7}.Release|Any CPU.Build.0 = Release|Any CPU
	EndGlobalSection
	GlobalSection(SolutionProperties) = preSolution
		HideSolutionNode = FALSE
	EndGlobalSection
	GlobalSection(NestedProjects) = preSolution
		{B0C4F92D-1855-40DA-9FB3-345FC37E3F1C} = {EDA91F8A-EE3D-4A44-968B-1F68E14A7650}
		{78F168EA-9851-4204-9738-9258BC9E86A7} = {8C60EF0B-1355-441A-B29E-061DDBAA2E39}
	EndGlobalSection
	GlobalSection(ExtensibilityGlobals) = postSolution
		SolutionGuid = {3BDFF3F8-92FE-4B1C-9261-3B6E26262CC5}
	EndGlobalSection
EndGlobal
